
Microsoft Visual Studio Solution File, Format Version 12.00
# Visual Studio Version 17
VisualStudioVersion = 17.4.33205.214
MinimumVisualStudioVersion = 10.0.40219.1
Project("{9A19103F-16F7-4668-BE54-9A1E7A4F7556}") = "Ejercicio2", "Ejercicio2\Ejercicio2.csproj", "{8182E0E1-170A-499C-BAFF-153335E75422}"
EndProject
Project("{9A19103F-16F7-4668-BE54-9A1E7A4F7556}") = "Ejercicio3", "Ejercicio3\Ejercicio3.csproj", "{0C668854-48C2-4CA8-8207-6461B3088779}"
EndProject
Project("{9A19103F-16F7-4668-BE54-9A1E7A4F7556}") = "Ejercicio1", "Ejercicio1\expendedora\Ejercicio1.csproj", "{B6CFD789-284B-49BC-912B-2238900EA8D3}"
EndProject
Global
	GlobalSection(SolutionConfigurationPlatforms) = preSolution
		Debug|Any CPU = Debug|Any CPU
		Release|Any CPU = Release|Any CPU
	EndGlobalSection
	GlobalSection(ProjectConfigurationPlatforms) = postSolution
		{8182E0E1-170A-499C-BAFF-153335E75422}.Debug|Any CPU.ActiveCfg = Debug|Any CPU
		{8182E0E1-170A-499C-BAFF-153335E75422}.Debug|Any CPU.Build.0 = Debug|Any CPU
		{8182E0E1-170A-499C-BAFF-153335E75422}.Release|Any CPU.ActiveCfg = Release|Any CPU
		{8182E0E1-170A-499C-BAFF-153335E75422}.Release|Any CPU.Build.0 = Release|Any CPU
		{0C668854-48C2-4CA8-8207-6461B3088779}.Debug|Any CPU.ActiveCfg = Debug|Any CPU
		{0C668854-48C2-4CA8-8207-6461B3088779}.Debug|Any CPU.Build.0 = Debug|Any CPU
		{0C668854-48C2-4CA8-8207-6461B3088779}.Release|Any CPU.ActiveCfg = Release|Any CPU
		{0C668854-48C2-4CA8-8207-6461B3088779}.Release|Any CPU.Build.0 = Release|Any CPU
		{B6CFD789-284B-49BC-912B-2238900EA8D3}.Debug|Any CPU.ActiveCfg = Debug|Any CPU
		{B6CFD789-284B-49BC-912B-2238900EA8D3}.Debug|Any CPU.Build.0 = Debug|Any CPU
		{B6CFD789-284B-49BC-912B-2238900EA8D3}.Release|Any CPU.ActiveCfg = Release|Any CPU
		{B6CFD789-284B-49BC-912B-2238900EA8D3}.Release|Any CPU.Build.0 = Release|Any CPU
	EndGlobalSection
	GlobalSection(SolutionProperties) = preSolution
		HideSolutionNode = FALSE
	EndGlobalSection
	GlobalSection(ExtensibilityGlobals) = postSolution
		SolutionGuid = {7C54ABEE-4C5C-4981-BE06-B3A5355F07A1}
	EndGlobalSection
EndGlobal
